// !$*UTF8*$!
{
	archiveVersion = 1;
	classes = {
	};
	objectVersion = 46;
	objects = {

/* Begin PBXBuildFile section */
		4480CF216B4C423B4A29A652 /* libPods.a in Frameworks */ = {isa = PBXBuildFile; fileRef = 28AB9231C3899F006BF4D993 /* libPods.a */; };
		9A5E49A91AE75F730080D2C2 /* AVFoundation.framework in Frameworks */ = {isa = PBXBuildFile; fileRef = 9A5E49A81AE75F730080D2C2 /* AVFoundation.framework */; };
		9A8D84771B1FF828001373E6 /* QuartzCore.framework in Frameworks */ = {isa = PBXBuildFile; fileRef = 9A8D84761B1FF828001373E6 /* QuartzCore.framework */; };
		9AE45AA91B2696EA009D34BB /* animaisViewController.m in Sources */ = {isa = PBXBuildFile; fileRef = 9AE45A6E1B2696EA009D34BB /* animaisViewController.m */; };
		9AE45AAA1B2696EA009D34BB /* AppDelegate.m in Sources */ = {isa = PBXBuildFile; fileRef = 9AE45A701B2696EA009D34BB /* AppDelegate.m */; };
		9AE45AAC1B2696EA009D34BB /* carrosViewController.m in Sources */ = {isa = PBXBuildFile; fileRef = 9AE45A731B2696EA009D34BB /* carrosViewController.m */; };
		9AE45AAD1B2696EA009D34BB /* categoriasViewController.m in Sources */ = {isa = PBXBuildFile; fileRef = 9AE45A751B2696EA009D34BB /* categoriasViewController.m */; };
		9AE45AAE1B2696EA009D34BB /* comemoracao.mp3 in Resources */ = {isa = PBXBuildFile; fileRef = 9AE45A761B2696EA009D34BB /* comemoracao.mp3 */; };
		9AE45AAF1B2696EA009D34BB /* desenhos.json in Resources */ = {isa = PBXBuildFile; fileRef = 9AE45A771B2696EA009D34BB /* desenhos.json */; };
		9AE45AB01B2696EA009D34BB /* fail1.mp3 in Resources */ = {isa = PBXBuildFile; fileRef = 9AE45A781B2696EA009D34BB /* fail1.mp3 */; };
		9AE45AB11B2696EA009D34BB /* floresViewController.m in Sources */ = {isa = PBXBuildFile; fileRef = 9AE45A7A1B2696EA009D34BB /* floresViewController.m */; };
		9AE45AB21B2696EA009D34BB /* fontawesome-webfont.ttf in Resources */ = {isa = PBXBuildFile; fileRef = 9AE45A7B1B2696EA009D34BB /* fontawesome-webfont.ttf */; };
		9AE45AB31B2696EA009D34BB /* formasViewController.m in Sources */ = {isa = PBXBuildFile; fileRef = 9AE45A7D1B2696EA009D34BB /* formasViewController.m */; };
		9AE45AB41B2696EA009D34BB /* GlobalVars.m in Sources */ = {isa = PBXBuildFile; fileRef = 9AE45A7F1B2696EA009D34BB /* GlobalVars.m */; };
		9AE45AB51B2696EA009D34BB /* Hobo.ttf in Resources */ = {isa = PBXBuildFile; fileRef = 9AE45A801B2696EA009D34BB /* Hobo.ttf */; };
		9AE45AB61B2696EA009D34BB /* Images.xcassets in Resources */ = {isa = PBXBuildFile; fileRef = 9AE45A811B2696EA009D34BB /* Images.xcassets */; };
		9AE45AB71B2696EA009D34BB /* Info.plist in Resources */ = {isa = PBXBuildFile; fileRef = 9AE45A821B2696EA009D34BB /* Info.plist */; };
		9AE45AB81B2696EA009D34BB /* jogoViewController.m in Sources */ = {isa = PBXBuildFile; fileRef = 9AE45A841B2696EA009D34BB /* jogoViewController.m */; };
		9AE45AB91B2696EA009D34BB /* letrasViewController.m in Sources */ = {isa = PBXBuildFile; fileRef = 9AE45A861B2696EA009D34BB /* letrasViewController.m */; };
		9AE45ABA1B2696EA009D34BB /* main.m in Sources */ = {isa = PBXBuildFile; fileRef = 9AE45A871B2696EA009D34BB /* main.m */; };
		9AE45ABB1B2696EA009D34BB /* NSObject+SBJson.m in Sources */ = {isa = PBXBuildFile; fileRef = 9AE45A891B2696EA009D34BB /* NSObject+SBJson.m */; };
		9AE45ABC1B2696EA009D34BB /* numerosViewController.m in Sources */ = {isa = PBXBuildFile; fileRef = 9AE45A8B1B2696EA009D34BB /* numerosViewController.m */; };
		9AE45ABE1B2696EA009D34BB /* SBJsonParser.m in Sources */ = {isa = PBXBuildFile; fileRef = 9AE45A8F1B2696EA009D34BB /* SBJsonParser.m */; };
		9AE45ABF1B2696EA009D34BB /* SBJsonStreamParser.m in Sources */ = {isa = PBXBuildFile; fileRef = 9AE45A911B2696EA009D34BB /* SBJsonStreamParser.m */; };
		9AE45AC01B2696EA009D34BB /* SBJsonStreamParserAccumulator.m in Sources */ = {isa = PBXBuildFile; fileRef = 9AE45A931B2696EA009D34BB /* SBJsonStreamParserAccumulator.m */; };
		9AE45AC11B2696EA009D34BB /* SBJsonStreamParserAdapter.m in Sources */ = {isa = PBXBuildFile; fileRef = 9AE45A951B2696EA009D34BB /* SBJsonStreamParserAdapter.m */; };
		9AE45AC21B2696EA009D34BB /* SBJsonStreamParserState.m in Sources */ = {isa = PBXBuildFile; fileRef = 9AE45A971B2696EA009D34BB /* SBJsonStreamParserState.m */; };
		9AE45AC31B2696EA009D34BB /* SBJsonStreamWriter.m in Sources */ = {isa = PBXBuildFile; fileRef = 9AE45A991B2696EA009D34BB /* SBJsonStreamWriter.m */; };
		9AE45AC41B2696EA009D34BB /* SBJsonStreamWriterAccumulator.m in Sources */ = {isa = PBXBuildFile; fileRef = 9AE45A9B1B2696EA009D34BB /* SBJsonStreamWriterAccumulator.m */; };
		9AE45AC51B2696EA009D34BB /* SBJsonStreamWriterState.m in Sources */ = {isa = PBXBuildFile; fileRef = 9AE45A9D1B2696EA009D34BB /* SBJsonStreamWriterState.m */; };
		9AE45AC61B2696EA009D34BB /* SBJsonTokeniser.m in Sources */ = {isa = PBXBuildFile; fileRef = 9AE45A9F1B2696EA009D34BB /* SBJsonTokeniser.m */; };
		9AE45AC71B2696EA009D34BB /* SBJsonUTF8Stream.m in Sources */ = {isa = PBXBuildFile; fileRef = 9AE45AA11B2696EA009D34BB /* SBJsonUTF8Stream.m */; };
		9AE45AC81B2696EA009D34BB /* SBJsonWriter.m in Sources */ = {isa = PBXBuildFile; fileRef = 9AE45AA31B2696EA009D34BB /* SBJsonWriter.m */; };
		9AE45AC91B2696EA009D34BB /* soundtrack.mp3 in Resources */ = {isa = PBXBuildFile; fileRef = 9AE45AA41B2696EA009D34BB /* soundtrack.mp3 */; };
		9AE45ACA1B2696EA009D34BB /* splashViewController.m in Sources */ = {isa = PBXBuildFile; fileRef = 9AE45AA61B2696EA009D34BB /* splashViewController.m */; };
		9AE45ACB1B2696EA009D34BB /* ViewController.m in Sources */ = {isa = PBXBuildFile; fileRef = 9AE45AA81B2696EA009D34BB /* ViewController.m */; };
		9AE45AD01B2697BB009D34BB /* Info.plist in Resources */ = {isa = PBXBuildFile; fileRef = 9AE45ACF1B2697BB009D34BB /* Info.plist */; };
		9AE45AD31B2698FA009D34BB /* Jogo_InfantilTests.m in Sources */ = {isa = PBXBuildFile; fileRef = 9AE45AD21B2698FA009D34BB /* Jogo_InfantilTests.m */; };
		9AE45ADE1B269B18009D34BB /* LaunchScreen.xib in Resources */ = {isa = PBXBuildFile; fileRef = 9AE45ADA1B269B18009D34BB /* LaunchScreen.xib */; };
		9AE45ADF1B269B18009D34BB /* Main.storyboard in Resources */ = {isa = PBXBuildFile; fileRef = 9AE45ADC1B269B18009D34BB /* Main.storyboard */; };
/* End PBXBuildFile section */

/* Begin PBXContainerItemProxy section */
		9A3CCD2F1ADCA3E7002849AC /* PBXContainerItemProxy */ = {
			isa = PBXContainerItemProxy;
			containerPortal = 9A3CCD0D1ADCA3E6002849AC /* Project object */;
			proxyType = 1;
			remoteGlobalIDString = 9A3CCD141ADCA3E6002849AC;
			remoteInfo = "Jogo-Infantil";
		};
/* End PBXContainerItemProxy section */

/* Begin PBXFileReference section */
		0F14ED0382390131378A8687 /* Pods.debug.xcconfig */ = {isa = PBXFileReference; includeInIndex = 1; lastKnownFileType = text.xcconfig; name = Pods.debug.xcconfig; path = "Pods/Target Support Files/Pods/Pods.debug.xcconfig"; sourceTree = "<group>"; };
		28AB9231C3899F006BF4D993 /* libPods.a */ = {isa = PBXFileReference; explicitFileType = archive.ar; includeInIndex = 0; path = libPods.a; sourceTree = BUILT_PRODUCTS_DIR; };
		9A3CCD151ADCA3E6002849AC /* ArtKids.app */ = {isa = PBXFileReference; explicitFileType = wrapper.application; includeInIndex = 0; path = ArtKids.app; sourceTree = BUILT_PRODUCTS_DIR; };
		9A3CCD2E1ADCA3E7002849AC /* ArtKidsTests.xctest */ = {isa = PBXFileReference; explicitFileType = wrapper.cfbundle; includeInIndex = 0; path = ArtKidsTests.xctest; sourceTree = BUILT_PRODUCTS_DIR; };
		9A5E49A81AE75F730080D2C2 /* AVFoundation.framework */ = {isa = PBXFileReference; lastKnownFileType = wrapper.framework; name = AVFoundation.framework; path = System/Library/Frameworks/AVFoundation.framework; sourceTree = SDKROOT; };
		9A8D84761B1FF828001373E6 /* QuartzCore.framework */ = {isa = PBXFileReference; lastKnownFileType = wrapper.framework; name = QuartzCore.framework; path = System/Library/Frameworks/QuartzCore.framework; sourceTree = SDKROOT; };
		9AE45A6D1B2696EA009D34BB /* animaisViewController.h */ = {isa = PBXFileReference; fileEncoding = 4; lastKnownFileType = sourcecode.c.h; name = animaisViewController.h; path = ArtKids/animaisViewController.h; sourceTree = SOURCE_ROOT; };
		9AE45A6E1B2696EA009D34BB /* animaisViewController.m */ = {isa = PBXFileReference; fileEncoding = 4; lastKnownFileType = sourcecode.c.objc; name = animaisViewController.m; path = ArtKids/animaisViewController.m; sourceTree = SOURCE_ROOT; };
		9AE45A6F1B2696EA009D34BB /* AppDelegate.h */ = {isa = PBXFileReference; fileEncoding = 4; lastKnownFileType = sourcecode.c.h; name = AppDelegate.h; path = ArtKids/AppDelegate.h; sourceTree = SOURCE_ROOT; };
		9AE45A701B2696EA009D34BB /* AppDelegate.m */ = {isa = PBXFileReference; fileEncoding = 4; lastKnownFileType = sourcecode.c.objc; name = AppDelegate.m; path = ArtKids/AppDelegate.m; sourceTree = SOURCE_ROOT; };
		9AE45A721B2696EA009D34BB /* carrosViewController.h */ = {isa = PBXFileReference; fileEncoding = 4; lastKnownFileType = sourcecode.c.h; name = carrosViewController.h; path = ArtKids/carrosViewController.h; sourceTree = SOURCE_ROOT; };
		9AE45A731B2696EA009D34BB /* carrosViewController.m */ = {isa = PBXFileReference; fileEncoding = 4; lastKnownFileType = sourcecode.c.objc; name = carrosViewController.m; path = ArtKids/carrosViewController.m; sourceTree = SOURCE_ROOT; };
		9AE45A741B2696EA009D34BB /* categoriasViewController.h */ = {isa = PBXFileReference; fileEncoding = 4; lastKnownFileType = sourcecode.c.h; name = categoriasViewController.h; path = ArtKids/categoriasViewController.h; sourceTree = SOURCE_ROOT; };
		9AE45A751B2696EA009D34BB /* categoriasViewController.m */ = {isa = PBXFileReference; fileEncoding = 4; lastKnownFileType = sourcecode.c.objc; name = categoriasViewController.m; path = ArtKids/categoriasViewController.m; sourceTree = SOURCE_ROOT; };
		9AE45A761B2696EA009D34BB /* comemoracao.mp3 */ = {isa = PBXFileReference; lastKnownFileType = audio.mp3; name = comemoracao.mp3; path = ArtKids/comemoracao.mp3; sourceTree = SOURCE_ROOT; };
		9AE45A771B2696EA009D34BB /* desenhos.json */ = {isa = PBXFileReference; fileEncoding = 4; lastKnownFileType = text.json; name = desenhos.json; path = ArtKids/desenhos.json; sourceTree = SOURCE_ROOT; };
		9AE45A781B2696EA009D34BB /* fail1.mp3 */ = {isa = PBXFileReference; lastKnownFileType = audio.mp3; name = fail1.mp3; path = ArtKids/fail1.mp3; sourceTree = SOURCE_ROOT; };
		9AE45A791B2696EA009D34BB /* floresViewController.h */ = {isa = PBXFileReference; fileEncoding = 4; lastKnownFileType = sourcecode.c.h; name = floresViewController.h; path = ArtKids/floresViewController.h; sourceTree = SOURCE_ROOT; };
		9AE45A7A1B2696EA009D34BB /* floresViewController.m */ = {isa = PBXFileReference; fileEncoding = 4; lastKnownFileType = sourcecode.c.objc; name = floresViewController.m; path = ArtKids/floresViewController.m; sourceTree = SOURCE_ROOT; };
		9AE45A7B1B2696EA009D34BB /* fontawesome-webfont.ttf */ = {isa = PBXFileReference; lastKnownFileType = file; name = "fontawesome-webfont.ttf"; path = "ArtKids/fontawesome-webfont.ttf"; sourceTree = SOURCE_ROOT; };
		9AE45A7C1B2696EA009D34BB /* formasViewController.h */ = {isa = PBXFileReference; fileEncoding = 4; lastKnownFileType = sourcecode.c.h; name = formasViewController.h; path = ArtKids/formasViewController.h; sourceTree = SOURCE_ROOT; };
		9AE45A7D1B2696EA009D34BB /* formasViewController.m */ = {isa = PBXFileReference; fileEncoding = 4; lastKnownFileType = sourcecode.c.objc; name = formasViewController.m; path = ArtKids/formasViewController.m; sourceTree = SOURCE_ROOT; };
		9AE45A7E1B2696EA009D34BB /* GlobalVars.h */ = {isa = PBXFileReference; fileEncoding = 4; lastKnownFileType = sourcecode.c.h; name = GlobalVars.h; path = ArtKids/GlobalVars.h; sourceTree = SOURCE_ROOT; };
		9AE45A7F1B2696EA009D34BB /* GlobalVars.m */ = {isa = PBXFileReference; fileEncoding = 4; lastKnownFileType = sourcecode.c.objc; name = GlobalVars.m; path = ArtKids/GlobalVars.m; sourceTree = SOURCE_ROOT; };
		9AE45A801B2696EA009D34BB /* Hobo.ttf */ = {isa = PBXFileReference; lastKnownFileType = file; name = Hobo.ttf; path = ArtKids/Hobo.ttf; sourceTree = SOURCE_ROOT; };
		9AE45A811B2696EA009D34BB /* Images.xcassets */ = {isa = PBXFileReference; lastKnownFileType = folder.assetcatalog; name = Images.xcassets; path = ArtKids/Images.xcassets; sourceTree = SOURCE_ROOT; };
		9AE45A821B2696EA009D34BB /* Info.plist */ = {isa = PBXFileReference; fileEncoding = 4; lastKnownFileType = text.plist.xml; name = Info.plist; path = ArtKids/Info.plist; sourceTree = SOURCE_ROOT; };
		9AE45A831B2696EA009D34BB /* jogoViewController.h */ = {isa = PBXFileReference; fileEncoding = 4; lastKnownFileType = sourcecode.c.h; name = jogoViewController.h; path = ArtKids/jogoViewController.h; sourceTree = SOURCE_ROOT; };
		9AE45A841B2696EA009D34BB /* jogoViewController.m */ = {isa = PBXFileReference; fileEncoding = 4; lastKnownFileType = sourcecode.c.objc; name = jogoViewController.m; path = ArtKids/jogoViewController.m; sourceTree = SOURCE_ROOT; };
		9AE45A851B2696EA009D34BB /* letrasViewController.h */ = {isa = PBXFileReference; fileEncoding = 4; lastKnownFileType = sourcecode.c.h; name = letrasViewController.h; path = ArtKids/letrasViewController.h; sourceTree = SOURCE_ROOT; };
		9AE45A861B2696EA009D34BB /* letrasViewController.m */ = {isa = PBXFileReference; fileEncoding = 4; lastKnownFileType = sourcecode.c.objc; name = letrasViewController.m; path = ArtKids/letrasViewController.m; sourceTree = SOURCE_ROOT; };
		9AE45A871B2696EA009D34BB /* main.m */ = {isa = PBXFileReference; fileEncoding = 4; lastKnownFileType = sourcecode.c.objc; name = main.m; path = ArtKids/main.m; sourceTree = SOURCE_ROOT; };
		9AE45A881B2696EA009D34BB /* NSObject+SBJson.h */ = {isa = PBXFileReference; fileEncoding = 4; lastKnownFileType = sourcecode.c.h; name = "NSObject+SBJson.h"; path = "ArtKids/NSObject+SBJson.h"; sourceTree = SOURCE_ROOT; };
		9AE45A891B2696EA009D34BB /* NSObject+SBJson.m */ = {isa = PBXFileReference; fileEncoding = 4; lastKnownFileType = sourcecode.c.objc; name = "NSObject+SBJson.m"; path = "ArtKids/NSObject+SBJson.m"; sourceTree = SOURCE_ROOT; };
		9AE45A8A1B2696EA009D34BB /* numerosViewController.h */ = {isa = PBXFileReference; fileEncoding = 4; lastKnownFileType = sourcecode.c.h; name = numerosViewController.h; path = ArtKids/numerosViewController.h; sourceTree = SOURCE_ROOT; };
		9AE45A8B1B2696EA009D34BB /* numerosViewController.m */ = {isa = PBXFileReference; fileEncoding = 4; lastKnownFileType = sourcecode.c.objc; name = numerosViewController.m; path = ArtKids/numerosViewController.m; sourceTree = SOURCE_ROOT; };
		9AE45A8D1B2696EA009D34BB /* SBJson.h */ = {isa = PBXFileReference; fileEncoding = 4; lastKnownFileType = sourcecode.c.h; name = SBJson.h; path = ArtKids/SBJson.h; sourceTree = SOURCE_ROOT; };
		9AE45A8E1B2696EA009D34BB /* SBJsonParser.h */ = {isa = PBXFileReference; fileEncoding = 4; lastKnownFileType = sourcecode.c.h; name = SBJsonParser.h; path = ArtKids/SBJsonParser.h; sourceTree = SOURCE_ROOT; };
		9AE45A8F1B2696EA009D34BB /* SBJsonParser.m */ = {isa = PBXFileReference; fileEncoding = 4; lastKnownFileType = sourcecode.c.objc; name = SBJsonParser.m; path = ArtKids/SBJsonParser.m; sourceTree = SOURCE_ROOT; };
		9AE45A901B2696EA009D34BB /* SBJsonStreamParser.h */ = {isa = PBXFileReference; fileEncoding = 4; lastKnownFileType = sourcecode.c.h; name = SBJsonStreamParser.h; path = ArtKids/SBJsonStreamParser.h; sourceTree = SOURCE_ROOT; };
		9AE45A911B2696EA009D34BB /* SBJsonStreamParser.m */ = {isa = PBXFileReference; fileEncoding = 4; lastKnownFileType = sourcecode.c.objc; name = SBJsonStreamParser.m; path = ArtKids/SBJsonStreamParser.m; sourceTree = SOURCE_ROOT; };
		9AE45A921B2696EA009D34BB /* SBJsonStreamParserAccumulator.h */ = {isa = PBXFileReference; fileEncoding = 4; lastKnownFileType = sourcecode.c.h; name = SBJsonStreamParserAccumulator.h; path = ArtKids/SBJsonStreamParserAccumulator.h; sourceTree = SOURCE_ROOT; };
		9AE45A931B2696EA009D34BB /* SBJsonStreamParserAccumulator.m */ = {isa = PBXFileReference; fileEncoding = 4; lastKnownFileType = sourcecode.c.objc; name = SBJsonStreamParserAccumulator.m; path = ArtKids/SBJsonStreamParserAccumulator.m; sourceTree = SOURCE_ROOT; };
		9AE45A941B2696EA009D34BB /* SBJsonStreamParserAdapter.h */ = {isa = PBXFileReference; fileEncoding = 4; lastKnownFileType = sourcecode.c.h; name = SBJsonStreamParserAdapter.h; path = ArtKids/SBJsonStreamParserAdapter.h; sourceTree = SOURCE_ROOT; };
		9AE45A951B2696EA009D34BB /* SBJsonStreamParserAdapter.m */ = {isa = PBXFileReference; fileEncoding = 4; lastKnownFileType = sourcecode.c.objc; name = SBJsonStreamParserAdapter.m; path = ArtKids/SBJsonStreamParserAdapter.m; sourceTree = SOURCE_ROOT; };
		9AE45A961B2696EA009D34BB /* SBJsonStreamParserState.h */ = {isa = PBXFileReference; fileEncoding = 4; lastKnownFileType = sourcecode.c.h; name = SBJsonStreamParserState.h; path = ArtKids/SBJsonStreamParserState.h; sourceTree = SOURCE_ROOT; };
		9AE45A971B2696EA009D34BB /* SBJsonStreamParserState.m */ = {isa = PBXFileReference; fileEncoding = 4; lastKnownFileType = sourcecode.c.objc; name = SBJsonStreamParserState.m; path = ArtKids/SBJsonStreamParserState.m; sourceTree = SOURCE_ROOT; };
		9AE45A981B2696EA009D34BB /* SBJsonStreamWriter.h */ = {isa = PBXFileReference; fileEncoding = 4; lastKnownFileType = sourcecode.c.h; name = SBJsonStreamWriter.h; path = ArtKids/SBJsonStreamWriter.h; sourceTree = SOURCE_ROOT; };
		9AE45A991B2696EA009D34BB /* SBJsonStreamWriter.m */ = {isa = PBXFileReference; fileEncoding = 4; lastKnownFileType = sourcecode.c.objc; name = SBJsonStreamWriter.m; path = ArtKids/SBJsonStreamWriter.m; sourceTree = SOURCE_ROOT; };
		9AE45A9A1B2696EA009D34BB /* SBJsonStreamWriterAccumulator.h */ = {isa = PBXFileReference; fileEncoding = 4; lastKnownFileType = sourcecode.c.h; name = SBJsonStreamWriterAccumulator.h; path = ArtKids/SBJsonStreamWriterAccumulator.h; sourceTree = SOURCE_ROOT; };
		9AE45A9B1B2696EA009D34BB /* SBJsonStreamWriterAccumulator.m */ = {isa = PBXFileReference; fileEncoding = 4; lastKnownFileType = sourcecode.c.objc; name = SBJsonStreamWriterAccumulator.m; path = ArtKids/SBJsonStreamWriterAccumulator.m; sourceTree = SOURCE_ROOT; };
		9AE45A9C1B2696EA009D34BB /* SBJsonStreamWriterState.h */ = {isa = PBXFileReference; fileEncoding = 4; lastKnownFileType = sourcecode.c.h; name = SBJsonStreamWriterState.h; path = ArtKids/SBJsonStreamWriterState.h; sourceTree = SOURCE_ROOT; };
		9AE45A9D1B2696EA009D34BB /* SBJsonStreamWriterState.m */ = {isa = PBXFileReference; fileEncoding = 4; lastKnownFileType = sourcecode.c.objc; name = SBJsonStreamWriterState.m; path = ArtKids/SBJsonStreamWriterState.m; sourceTree = SOURCE_ROOT; };
		9AE45A9E1B2696EA009D34BB /* SBJsonTokeniser.h */ = {isa = PBXFileReference; fileEncoding = 4; lastKnownFileType = sourcecode.c.h; name = SBJsonTokeniser.h; path = ArtKids/SBJsonTokeniser.h; sourceTree = SOURCE_ROOT; };
		9AE45A9F1B2696EA009D34BB /* SBJsonTokeniser.m */ = {isa = PBXFileReference; fileEncoding = 4; lastKnownFileType = sourcecode.c.objc; name = SBJsonTokeniser.m; path = ArtKids/SBJsonTokeniser.m; sourceTree = SOURCE_ROOT; };
		9AE45AA01B2696EA009D34BB /* SBJsonUTF8Stream.h */ = {isa = PBXFileReference; fileEncoding = 4; lastKnownFileType = sourcecode.c.h; name = SBJsonUTF8Stream.h; path = ArtKids/SBJsonUTF8Stream.h; sourceTree = SOURCE_ROOT; };
		9AE45AA11B2696EA009D34BB /* SBJsonUTF8Stream.m */ = {isa = PBXFileReference; fileEncoding = 4; lastKnownFileType = sourcecode.c.objc; name = SBJsonUTF8Stream.m; path = ArtKids/SBJsonUTF8Stream.m; sourceTree = SOURCE_ROOT; };
		9AE45AA21B2696EA009D34BB /* SBJsonWriter.h */ = {isa = PBXFileReference; fileEncoding = 4; lastKnownFileType = sourcecode.c.h; name = SBJsonWriter.h; path = ArtKids/SBJsonWriter.h; sourceTree = SOURCE_ROOT; };
		9AE45AA31B2696EA009D34BB /* SBJsonWriter.m */ = {isa = PBXFileReference; fileEncoding = 4; lastKnownFileType = sourcecode.c.objc; name = SBJsonWriter.m; path = ArtKids/SBJsonWriter.m; sourceTree = SOURCE_ROOT; };
		9AE45AA41B2696EA009D34BB /* soundtrack.mp3 */ = {isa = PBXFileReference; lastKnownFileType = audio.mp3; name = soundtrack.mp3; path = ArtKids/soundtrack.mp3; sourceTree = SOURCE_ROOT; };
		9AE45AA51B2696EA009D34BB /* splashViewController.h */ = {isa = PBXFileReference; fileEncoding = 4; lastKnownFileType = sourcecode.c.h; name = splashViewController.h; path = ArtKids/splashViewController.h; sourceTree = SOURCE_ROOT; };
		9AE45AA61B2696EA009D34BB /* splashViewController.m */ = {isa = PBXFileReference; fileEncoding = 4; lastKnownFileType = sourcecode.c.objc; name = splashViewController.m; path = ArtKids/splashViewController.m; sourceTree = SOURCE_ROOT; };
		9AE45AA71B2696EA009D34BB /* ViewController.h */ = {isa = PBXFileReference; fileEncoding = 4; lastKnownFileType = sourcecode.c.h; name = ViewController.h; path = ArtKids/ViewController.h; sourceTree = SOURCE_ROOT; };
		9AE45AA81B2696EA009D34BB /* ViewController.m */ = {isa = PBXFileReference; fileEncoding = 4; lastKnownFileType = sourcecode.c.objc; name = ViewController.m; path = ArtKids/ViewController.m; sourceTree = SOURCE_ROOT; };
		9AE45ACF1B2697BB009D34BB /* Info.plist */ = {isa = PBXFileReference; fileEncoding = 4; lastKnownFileType = text.plist.xml; name = Info.plist; path = ArtKidsTests/Info.plist; sourceTree = SOURCE_ROOT; };
		9AE45AD21B2698FA009D34BB /* Jogo_InfantilTests.m */ = {isa = PBXFileReference; fileEncoding = 4; lastKnownFileType = sourcecode.c.objc; name = Jogo_InfantilTests.m; path = ArtKidsTests/Jogo_InfantilTests.m; sourceTree = SOURCE_ROOT; };
		9AE45ADB1B269B18009D34BB /* Base */ = {isa = PBXFileReference; lastKnownFileType = file.xib; name = Base; path = ArtKids/Base.lproj/LaunchScreen.xib; sourceTree = SOURCE_ROOT; };
		9AE45ADD1B269B18009D34BB /* Base */ = {isa = PBXFileReference; lastKnownFileType = file.storyboard; name = Base; path = ArtKids/Base.lproj/Main.storyboard; sourceTree = SOURCE_ROOT; };
		F1E62E9923BED59361EB2B90 /* Pods.release.xcconfig */ = {isa = PBXFileReference; includeInIndex = 1; lastKnownFileType = text.xcconfig; name = Pods.release.xcconfig; path = "Pods/Target Support Files/Pods/Pods.release.xcconfig"; sourceTree = "<group>"; };
/* End PBXFileReference section */

/* Begin PBXFrameworksBuildPhase section */
		9A3CCD121ADCA3E6002849AC /* Frameworks */ = {
			isa = PBXFrameworksBuildPhase;
			buildActionMask = 2147483647;
			files = (
				9A8D84771B1FF828001373E6 /* QuartzCore.framework in Frameworks */,
				9A5E49A91AE75F730080D2C2 /* AVFoundation.framework in Frameworks */,
				4480CF216B4C423B4A29A652 /* libPods.a in Frameworks */,
			);
			runOnlyForDeploymentPostprocessing = 0;
		};
		9A3CCD2B1ADCA3E7002849AC /* Frameworks */ = {
			isa = PBXFrameworksBuildPhase;
			buildActionMask = 2147483647;
			files = (
			);
			runOnlyForDeploymentPostprocessing = 0;
		};
/* End PBXFrameworksBuildPhase section */

/* Begin PBXGroup section */
		334F2C172960C2D2A7B65414 /* Frameworks */ = {
			isa = PBXGroup;
			children = (
				28AB9231C3899F006BF4D993 /* libPods.a */,
			);
			name = Frameworks;
			sourceTree = "<group>";
		};
		4BF8F49D2DFA21DD0DC62DC7 /* Pods */ = {
			isa = PBXGroup;
			children = (
				0F14ED0382390131378A8687 /* Pods.debug.xcconfig */,
				F1E62E9923BED59361EB2B90 /* Pods.release.xcconfig */,
			);
			name = Pods;
			sourceTree = "<group>";
		};
		9A3CCD0C1ADCA3E6002849AC = {
			isa = PBXGroup;
			children = (
				9A8D84761B1FF828001373E6 /* QuartzCore.framework */,
				9A5E49A81AE75F730080D2C2 /* AVFoundation.framework */,
				9A3CCD171ADCA3E6002849AC /* ArtKids */,
				9A3CCD311ADCA3E7002849AC /* ArtKidsTests */,
				9A3CCD161ADCA3E6002849AC /* Products */,
				4BF8F49D2DFA21DD0DC62DC7 /* Pods */,
				334F2C172960C2D2A7B65414 /* Frameworks */,
			);
			sourceTree = "<group>";
		};
		9A3CCD161ADCA3E6002849AC /* Products */ = {
			isa = PBXGroup;
			children = (
				9A3CCD151ADCA3E6002849AC /* ArtKids.app */,
				9A3CCD2E1ADCA3E7002849AC /* ArtKidsTests.xctest */,
			);
			name = Products;
			sourceTree = "<group>";
		};
		9A3CCD171ADCA3E6002849AC /* ArtKids */ = {
			isa = PBXGroup;
			children = (
				9AE45ACC1B2696FD009D34BB /* JSON */,
				9AE45A6D1B2696EA009D34BB /* animaisViewController.h */,
				9AE45A6E1B2696EA009D34BB /* animaisViewController.m */,
				9AE45A6F1B2696EA009D34BB /* AppDelegate.h */,
				9AE45A701B2696EA009D34BB /* AppDelegate.m */,
				9AE45A721B2696EA009D34BB /* carrosViewController.h */,
				9AE45A731B2696EA009D34BB /* carrosViewController.m */,
				9AE45A741B2696EA009D34BB /* categoriasViewController.h */,
				9AE45A751B2696EA009D34BB /* categoriasViewController.m */,
				9AE45A791B2696EA009D34BB /* floresViewController.h */,
				9AE45A7A1B2696EA009D34BB /* floresViewController.m */,
				9AE45A7C1B2696EA009D34BB /* formasViewController.h */,
				9AE45A7D1B2696EA009D34BB /* formasViewController.m */,
				9AE45A7E1B2696EA009D34BB /* GlobalVars.h */,
				9AE45A7F1B2696EA009D34BB /* GlobalVars.m */,
				9AE45A831B2696EA009D34BB /* jogoViewController.h */,
				9AE45A841B2696EA009D34BB /* jogoViewController.m */,
				9AE45A851B2696EA009D34BB /* letrasViewController.h */,
				9AE45A861B2696EA009D34BB /* letrasViewController.m */,
				9AE45A8A1B2696EA009D34BB /* numerosViewController.h */,
				9AE45A8B1B2696EA009D34BB /* numerosViewController.m */,
				9AE45AA51B2696EA009D34BB /* splashViewController.h */,
				9AE45AA61B2696EA009D34BB /* splashViewController.m */,
				9AE45AA71B2696EA009D34BB /* ViewController.h */,
				9AE45AA81B2696EA009D34BB /* ViewController.m */,
				9AE45ADA1B269B18009D34BB /* LaunchScreen.xib */,
				9AE45ADC1B269B18009D34BB /* Main.storyboard */,
				9AE45A811B2696EA009D34BB /* Images.xcassets */,
				9A3CCD181ADCA3E6002849AC /* Supporting Files */,
			);
			name = ArtKids;
			path = "Jogo-Infantil";
			sourceTree = "<group>";
		};
		9A3CCD181ADCA3E6002849AC /* Supporting Files */ = {
			isa = PBXGroup;
			children = (
				9AE45A761B2696EA009D34BB /* comemoracao.mp3 */,
				9AE45A771B2696EA009D34BB /* desenhos.json */,
				9AE45A781B2696EA009D34BB /* fail1.mp3 */,
				9AE45A7B1B2696EA009D34BB /* fontawesome-webfont.ttf */,
				9AE45A801B2696EA009D34BB /* Hobo.ttf */,
				9AE45A821B2696EA009D34BB /* Info.plist */,
				9AE45A871B2696EA009D34BB /* main.m */,
				9AE45AA41B2696EA009D34BB /* soundtrack.mp3 */,
			);
			name = "Supporting Files";
			sourceTree = "<group>";
		};
		9A3CCD311ADCA3E7002849AC /* ArtKidsTests */ = {
			isa = PBXGroup;
			children = (
				9AE45AD21B2698FA009D34BB /* Jogo_InfantilTests.m */,
				9A3CCD321ADCA3E7002849AC /* Supporting Files */,
			);
			name = ArtKidsTests;
			path = "Jogo-InfantilTests";
			sourceTree = "<group>";
		};
		9A3CCD321ADCA3E7002849AC /* Supporting Files */ = {
			isa = PBXGroup;
			children = (
				9AE45ACF1B2697BB009D34BB /* Info.plist */,
			);
			name = "Supporting Files";
			sourceTree = "<group>";
		};
		9AE45ACC1B2696FD009D34BB /* JSON */ = {
			isa = PBXGroup;
			children = (
				9AE45A881B2696EA009D34BB /* NSObject+SBJson.h */,
				9AE45A891B2696EA009D34BB /* NSObject+SBJson.m */,
				9AE45A8D1B2696EA009D34BB /* SBJson.h */,
				9AE45A8E1B2696EA009D34BB /* SBJsonParser.h */,
				9AE45A8F1B2696EA009D34BB /* SBJsonParser.m */,
				9AE45A901B2696EA009D34BB /* SBJsonStreamParser.h */,
				9AE45A911B2696EA009D34BB /* SBJsonStreamParser.m */,
				9AE45A921B2696EA009D34BB /* SBJsonStreamParserAccumulator.h */,
				9AE45A931B2696EA009D34BB /* SBJsonStreamParserAccumulator.m */,
				9AE45A941B2696EA009D34BB /* SBJsonStreamParserAdapter.h */,
				9AE45A951B2696EA009D34BB /* SBJsonStreamParserAdapter.m */,
				9AE45A961B2696EA009D34BB /* SBJsonStreamParserState.h */,
				9AE45A971B2696EA009D34BB /* SBJsonStreamParserState.m */,
				9AE45A981B2696EA009D34BB /* SBJsonStreamWriter.h */,
				9AE45A991B2696EA009D34BB /* SBJsonStreamWriter.m */,
				9AE45A9A1B2696EA009D34BB /* SBJsonStreamWriterAccumulator.h */,
				9AE45A9B1B2696EA009D34BB /* SBJsonStreamWriterAccumulator.m */,
				9AE45A9C1B2696EA009D34BB /* SBJsonStreamWriterState.h */,
				9AE45A9D1B2696EA009D34BB /* SBJsonStreamWriterState.m */,
				9AE45A9E1B2696EA009D34BB /* SBJsonTokeniser.h */,
				9AE45A9F1B2696EA009D34BB /* SBJsonTokeniser.m */,
				9AE45AA01B2696EA009D34BB /* SBJsonUTF8Stream.h */,
				9AE45AA11B2696EA009D34BB /* SBJsonUTF8Stream.m */,
				9AE45AA21B2696EA009D34BB /* SBJsonWriter.h */,
				9AE45AA31B2696EA009D34BB /* SBJsonWriter.m */,
			);
			name = JSON;
			sourceTree = "<group>";
		};
/* End PBXGroup section */

/* Begin PBXNativeTarget section */
		9A3CCD141ADCA3E6002849AC /* ArtKids */ = {
			isa = PBXNativeTarget;
			buildConfigurationList = 9A3CCD381ADCA3E7002849AC /* Build configuration list for PBXNativeTarget "ArtKids" */;
			buildPhases = (
				7CC444F30EC14517FE62413B /* Check Pods Manifest.lock */,
				9A3CCD111ADCA3E6002849AC /* Sources */,
				9A3CCD121ADCA3E6002849AC /* Frameworks */,
				9A3CCD131ADCA3E6002849AC /* Resources */,
				534626A710FC9C522916B70A /* Copy Pods Resources */,
			);
			buildRules = (
			);
			dependencies = (
			);
			name = ArtKids;
			productName = "Jogo-Infantil";
			productReference = 9A3CCD151ADCA3E6002849AC /* ArtKids.app */;
			productType = "com.apple.product-type.application";
		};
		9A3CCD2D1ADCA3E7002849AC /* ArtKidsTests */ = {
			isa = PBXNativeTarget;
			buildConfigurationList = 9A3CCD3B1ADCA3E7002849AC /* Build configuration list for PBXNativeTarget "ArtKidsTests" */;
			buildPhases = (
				9A3CCD2A1ADCA3E7002849AC /* Sources */,
				9A3CCD2B1ADCA3E7002849AC /* Frameworks */,
				9A3CCD2C1ADCA3E7002849AC /* Resources */,
			);
			buildRules = (
			);
			dependencies = (
				9A3CCD301ADCA3E7002849AC /* PBXTargetDependency */,
			);
			name = ArtKidsTests;
			productName = "Jogo-InfantilTests";
			productReference = 9A3CCD2E1ADCA3E7002849AC /* ArtKidsTests.xctest */;
			productType = "com.apple.product-type.bundle.unit-test";
		};
/* End PBXNativeTarget section */

/* Begin PBXProject section */
		9A3CCD0D1ADCA3E6002849AC /* Project object */ = {
			isa = PBXProject;
			attributes = {
				LastUpgradeCheck = 0620;
				ORGANIZATIONNAME = Home;
				TargetAttributes = {
					9A3CCD141ADCA3E6002849AC = {
						CreatedOnToolsVersion = 6.2;
						DevelopmentTeam = K3WVMKHEZJ;
					};
					9A3CCD2D1ADCA3E7002849AC = {
						CreatedOnToolsVersion = 6.2;
						TestTargetID = 9A3CCD141ADCA3E6002849AC;
					};
				};
			};
			buildConfigurationList = 9A3CCD101ADCA3E6002849AC /* Build configuration list for PBXProject "ArtKids" */;
			compatibilityVersion = "Xcode 3.2";
			developmentRegion = English;
			hasScannedForEncodings = 0;
			knownRegions = (
				en,
				Base,
			);
			mainGroup = 9A3CCD0C1ADCA3E6002849AC;
			productRefGroup = 9A3CCD161ADCA3E6002849AC /* Products */;
			projectDirPath = "";
			projectRoot = "";
			targets = (
				9A3CCD141ADCA3E6002849AC /* ArtKids */,
				9A3CCD2D1ADCA3E7002849AC /* ArtKidsTests */,
			);
		};
/* End PBXProject section */

/* Begin PBXResourcesBuildPhase section */
		9A3CCD131ADCA3E6002849AC /* Resources */ = {
			isa = PBXResourcesBuildPhase;
			buildActionMask = 2147483647;
			files = (
				9AE45ADE1B269B18009D34BB /* LaunchScreen.xib in Resources */,
				9AE45AB51B2696EA009D34BB /* Hobo.ttf in Resources */,
				9AE45AB21B2696EA009D34BB /* fontawesome-webfont.ttf in Resources */,
				9AE45AB61B2696EA009D34BB /* Images.xcassets in Resources */,
				9AE45AAF1B2696EA009D34BB /* desenhos.json in Resources */,
				9AE45ADF1B269B18009D34BB /* Main.storyboard in Resources */,
				9AE45AB71B2696EA009D34BB /* Info.plist in Resources */,
				9AE45AAE1B2696EA009D34BB /* comemoracao.mp3 in Resources */,
				9AE45AC91B2696EA009D34BB /* soundtrack.mp3 in Resources */,
				9AE45AD01B2697BB009D34BB /* Info.plist in Resources */,
				9AE45AB01B2696EA009D34BB /* fail1.mp3 in Resources */,
			);
			runOnlyForDeploymentPostprocessing = 0;
		};
		9A3CCD2C1ADCA3E7002849AC /* Resources */ = {
			isa = PBXResourcesBuildPhase;
			buildActionMask = 2147483647;
			files = (
			);
			runOnlyForDeploymentPostprocessing = 0;
		};
/* End PBXResourcesBuildPhase section */

/* Begin PBXShellScriptBuildPhase section */
		534626A710FC9C522916B70A /* Copy Pods Resources */ = {
			isa = PBXShellScriptBuildPhase;
			buildActionMask = 2147483647;
			files = (
			);
			inputPaths = (
			);
			name = "Copy Pods Resources";
			outputPaths = (
			);
			runOnlyForDeploymentPostprocessing = 0;
			shellPath = /bin/sh;
			shellScript = "\"${SRCROOT}/Pods/Target Support Files/Pods/Pods-resources.sh\"\n";
			showEnvVarsInLog = 0;
		};
		7CC444F30EC14517FE62413B /* Check Pods Manifest.lock */ = {
			isa = PBXShellScriptBuildPhase;
			buildActionMask = 2147483647;
			files = (
			);
			inputPaths = (
			);
			name = "Check Pods Manifest.lock";
			outputPaths = (
			);
			runOnlyForDeploymentPostprocessing = 0;
			shellPath = /bin/sh;
			shellScript = "diff \"${PODS_ROOT}/../Podfile.lock\" \"${PODS_ROOT}/Manifest.lock\" > /dev/null\nif [[ $? != 0 ]] ; then\n    cat << EOM\nerror: The sandbox is not in sync with the Podfile.lock. Run 'pod install' or update your CocoaPods installation.\nEOM\n    exit 1\nfi\n";
			showEnvVarsInLog = 0;
		};
/* End PBXShellScriptBuildPhase section */

/* Begin PBXSourcesBuildPhase section */
		9A3CCD111ADCA3E6002849AC /* Sources */ = {
			isa = PBXSourcesBuildPhase;
			buildActionMask = 2147483647;
			files = (
				9AE45AC51B2696EA009D34BB /* SBJsonStreamWriterState.m in Sources */,
				9AE45AC31B2696EA009D34BB /* SBJsonStreamWriter.m in Sources */,
				9AE45AB31B2696EA009D34BB /* formasViewController.m in Sources */,
				9AE45AB91B2696EA009D34BB /* letrasViewController.m in Sources */,
				9AE45AC01B2696EA009D34BB /* SBJsonStreamParserAccumulator.m in Sources */,
				9AE45AAD1B2696EA009D34BB /* categoriasViewController.m in Sources */,
				9AE45ACB1B2696EA009D34BB /* ViewController.m in Sources */,
				9AE45AB11B2696EA009D34BB /* floresViewController.m in Sources */,
				9AE45AC41B2696EA009D34BB /* SBJsonStreamWriterAccumulator.m in Sources */,
				9AE45ACA1B2696EA009D34BB /* splashViewController.m in Sources */,
				9AE45AC61B2696EA009D34BB /* SBJsonTokeniser.m in Sources */,
				9AE45AB41B2696EA009D34BB /* GlobalVars.m in Sources */,
				9AE45AC11B2696EA009D34BB /* SBJsonStreamParserAdapter.m in Sources */,
				9AE45ABC1B2696EA009D34BB /* numerosViewController.m in Sources */,
				9AE45AC81B2696EA009D34BB /* SBJsonWriter.m in Sources */,
				9AE45AC71B2696EA009D34BB /* SBJsonUTF8Stream.m in Sources */,
				9AE45ABE1B2696EA009D34BB /* SBJsonParser.m in Sources */,
				9AE45AA91B2696EA009D34BB /* animaisViewController.m in Sources */,
				9AE45ABF1B2696EA009D34BB /* SBJsonStreamParser.m in Sources */,
				9AE45AB81B2696EA009D34BB /* jogoViewController.m in Sources */,
				9AE45AAC1B2696EA009D34BB /* carrosViewController.m in Sources */,
				9AE45ABA1B2696EA009D34BB /* main.m in Sources */,
				9AE45AC21B2696EA009D34BB /* SBJsonStreamParserState.m in Sources */,
				9AE45ABB1B2696EA009D34BB /* NSObject+SBJson.m in Sources */,
				9AE45AAA1B2696EA009D34BB /* AppDelegate.m in Sources */,
			);
			runOnlyForDeploymentPostprocessing = 0;
		};
		9A3CCD2A1ADCA3E7002849AC /* Sources */ = {
			isa = PBXSourcesBuildPhase;
			buildActionMask = 2147483647;
			files = (
				9AE45AD31B2698FA009D34BB /* Jogo_InfantilTests.m in Sources */,
			);
			runOnlyForDeploymentPostprocessing = 0;
		};
/* End PBXSourcesBuildPhase section */

/* Begin PBXTargetDependency section */
		9A3CCD301ADCA3E7002849AC /* PBXTargetDependency */ = {
			isa = PBXTargetDependency;
			target = 9A3CCD141ADCA3E6002849AC /* ArtKids */;
			targetProxy = 9A3CCD2F1ADCA3E7002849AC /* PBXContainerItemProxy */;
		};
/* End PBXTargetDependency section */

/* Begin PBXVariantGroup section */
		9AE45ADA1B269B18009D34BB /* LaunchScreen.xib */ = {
			isa = PBXVariantGroup;
			children = (
				9AE45ADB1B269B18009D34BB /* Base */,
			);
			name = LaunchScreen.xib;
			sourceTree = "<group>";
		};
		9AE45ADC1B269B18009D34BB /* Main.storyboard */ = {
			isa = PBXVariantGroup;
			children = (
				9AE45ADD1B269B18009D34BB /* Base */,
			);
			name = Main.storyboard;
			sourceTree = "<group>";
		};
/* End PBXVariantGroup section */

/* Begin XCBuildConfiguration section */
		9A3CCD361ADCA3E7002849AC /* Debug */ = {
			isa = XCBuildConfiguration;
			buildSettings = {
				ALWAYS_SEARCH_USER_PATHS = NO;
				CLANG_CXX_LANGUAGE_STANDARD = "gnu++0x";
				CLANG_CXX_LIBRARY = "libc++";
				CLANG_ENABLE_MODULES = YES;
				CLANG_ENABLE_OBJC_ARC = YES;
				CLANG_WARN_BOOL_CONVERSION = YES;
				CLANG_WARN_CONSTANT_CONVERSION = YES;
				CLANG_WARN_DIRECT_OBJC_ISA_USAGE = YES_ERROR;
				CLANG_WARN_EMPTY_BODY = YES;
				CLANG_WARN_ENUM_CONVERSION = YES;
				CLANG_WARN_INT_CONVERSION = YES;
				CLANG_WARN_OBJC_ROOT_CLASS = YES_ERROR;
				CLANG_WARN_UNREACHABLE_CODE = YES;
				CLANG_WARN__DUPLICATE_METHOD_MATCH = YES;
				"CODE_SIGN_IDENTITY[sdk=iphoneos*]" = "iPhone Developer";
				COPY_PHASE_STRIP = NO;
				ENABLE_STRICT_OBJC_MSGSEND = YES;
				GCC_C_LANGUAGE_STANDARD = gnu99;
				GCC_DYNAMIC_NO_PIC = NO;
				GCC_OPTIMIZATION_LEVEL = 0;
				GCC_PREPROCESSOR_DEFINITIONS = (
					"DEBUG=1",
					"$(inherited)",
				);
				GCC_SYMBOLS_PRIVATE_EXTERN = NO;
				GCC_WARN_64_TO_32_BIT_CONVERSION = YES;
				GCC_WARN_ABOUT_RETURN_TYPE = YES_ERROR;
				GCC_WARN_UNDECLARED_SELECTOR = YES;
				GCC_WARN_UNINITIALIZED_AUTOS = YES_AGGRESSIVE;
				GCC_WARN_UNUSED_FUNCTION = YES;
				GCC_WARN_UNUSED_VARIABLE = YES;
				IPHONEOS_DEPLOYMENT_TARGET = 8.3;
				MTL_ENABLE_DEBUG_INFO = YES;
				ONLY_ACTIVE_ARCH = YES;
				SDKROOT = iphoneos;
				TARGETED_DEVICE_FAMILY = 2;
			};
			name = Debug;
		};
		9A3CCD371ADCA3E7002849AC /* Release */ = {
			isa = XCBuildConfiguration;
			buildSettings = {
				ALWAYS_SEARCH_USER_PATHS = NO;
				CLANG_CXX_LANGUAGE_STANDARD = "gnu++0x";
				CLANG_CXX_LIBRARY = "libc++";
				CLANG_ENABLE_MODULES = YES;
				CLANG_ENABLE_OBJC_ARC = YES;
				CLANG_WARN_BOOL_CONVERSION = YES;
				CLANG_WARN_CONSTANT_CONVERSION = YES;
				CLANG_WARN_DIRECT_OBJC_ISA_USAGE = YES_ERROR;
				CLANG_WARN_EMPTY_BODY = YES;
				CLANG_WARN_ENUM_CONVERSION = YES;
				CLANG_WARN_INT_CONVERSION = YES;
				CLANG_WARN_OBJC_ROOT_CLASS = YES_ERROR;
				CLANG_WARN_UNREACHABLE_CODE = YES;
				CLANG_WARN__DUPLICATE_METHOD_MATCH = YES;
				"CODE_SIGN_IDENTITY[sdk=iphoneos*]" = "iPhone Developer";
				COPY_PHASE_STRIP = NO;
				ENABLE_NS_ASSERTIONS = NO;
				ENABLE_STRICT_OBJC_MSGSEND = YES;
				GCC_C_LANGUAGE_STANDARD = gnu99;
				GCC_WARN_64_TO_32_BIT_CONVERSION = YES;
				GCC_WARN_ABOUT_RETURN_TYPE = YES_ERROR;
				GCC_WARN_UNDECLARED_SELECTOR = YES;
				GCC_WARN_UNINITIALIZED_AUTOS = YES_AGGRESSIVE;
				GCC_WARN_UNUSED_FUNCTION = YES;
				GCC_WARN_UNUSED_VARIABLE = YES;
				IPHONEOS_DEPLOYMENT_TARGET = 8.3;
				MTL_ENABLE_DEBUG_INFO = NO;
				SDKROOT = iphoneos;
				TARGETED_DEVICE_FAMILY = 2;
				VALIDATE_PRODUCT = YES;
			};
			name = Release;
		};
		9A3CCD391ADCA3E7002849AC /* Debug */ = {
			isa = XCBuildConfiguration;
			baseConfigurationReference = 0F14ED0382390131378A8687 /* Pods.debug.xcconfig */;
			buildSettings = {
				ASSETCATALOG_COMPILER_APPICON_NAME = AppIcon;
				CODE_SIGN_IDENTITY = "iPhone Developer";
				"CODE_SIGN_IDENTITY[sdk=iphoneos*]" = "iPhone Developer";
				INFOPLIST_FILE = ArtKids/Info.plist;
				LD_RUNPATH_SEARCH_PATHS = "$(inherited) @executable_path/Frameworks";
				PRODUCT_NAME = ArtKids;
				PROVISIONING_PROFILE = "";
			};
			name = Debug;
		};
		9A3CCD3A1ADCA3E7002849AC /* Release */ = {
			isa = XCBuildConfiguration;
			baseConfigurationReference = F1E62E9923BED59361EB2B90 /* Pods.release.xcconfig */;
			buildSettings = {
				ASSETCATALOG_COMPILER_APPICON_NAME = AppIcon;
				CODE_SIGN_IDENTITY = "iPhone Developer";
				"CODE_SIGN_IDENTITY[sdk=iphoneos*]" = "iPhone Developer";
				INFOPLIST_FILE = ArtKids/Info.plist;
				LD_RUNPATH_SEARCH_PATHS = "$(inherited) @executable_path/Frameworks";
				PRODUCT_NAME = ArtKids;
				PROVISIONING_PROFILE = "";
			};
			name = Release;
		};
		9A3CCD3C1ADCA3E7002849AC /* Debug */ = {
			isa = XCBuildConfiguration;
			buildSettings = {
				BUNDLE_LOADER = "$(TEST_HOST)";
				FRAMEWORK_SEARCH_PATHS = (
					"$(SDKROOT)/Developer/Library/Frameworks",
					"$(inherited)",
				);
				GCC_PREPROCESSOR_DEFINITIONS = (
					"DEBUG=1",
					"$(inherited)",
				);
				INFOPLIST_FILE = ArtKidsTests/Info.plist;
				LD_RUNPATH_SEARCH_PATHS = "$(inherited) @executable_path/Frameworks @loader_path/Frameworks";
				PRODUCT_NAME = ArtKidsTests;
				TEST_HOST = "$(BUILT_PRODUCTS_DIR)/ArtKids.app/ArtKids";
			};
			name = Debug;
		};
		9A3CCD3D1ADCA3E7002849AC /* Release */ = {
			isa = XCBuildConfiguration;
			buildSettings = {
				BUNDLE_LOADER = "$(TEST_HOST)";
				FRAMEWORK_SEARCH_PATHS = (
					"$(SDKROOT)/Developer/Library/Frameworks",
					"$(inherited)",
				);
				INFOPLIST_FILE = ArtKidsTests/Info.plist;
				LD_RUNPATH_SEARCH_PATHS = "$(inherited) @executable_path/Frameworks @loader_path/Frameworks";
				PRODUCT_NAME = ArtKidsTests;
				TEST_HOST = "$(BUILT_PRODUCTS_DIR)/ArtKids.app/ArtKids";
			};
			name = Release;
		};
/* End XCBuildConfiguration section */

/* Begin XCConfigurationList section */
		9A3CCD101ADCA3E6002849AC /* Build configuration list for PBXProject "ArtKids" */ = {
			isa = XCConfigurationList;
			buildConfigurations = (
				9A3CCD361ADCA3E7002849AC /* Debug */,
				9A3CCD371ADCA3E7002849AC /* Release */,
			);
			defaultConfigurationIsVisible = 0;
			defaultConfigurationName = Release;
		};
		9A3CCD381ADCA3E7002849AC /* Build configuration list for PBXNativeTarget "ArtKids" */ = {
			isa = XCConfigurationList;
			buildConfigurations = (
				9A3CCD391ADCA3E7002849AC /* Debug */,
				9A3CCD3A1ADCA3E7002849AC /* Release */,
			);
			defaultConfigurationIsVisible = 0;
			defaultConfigurationName = Release;
		};
		9A3CCD3B1ADCA3E7002849AC /* Build configuration list for PBXNativeTarget "ArtKidsTests" */ = {
			isa = XCConfigurationList;
			buildConfigurations = (
				9A3CCD3C1ADCA3E7002849AC /* Debug */,
				9A3CCD3D1ADCA3E7002849AC /* Release */,
			);
			defaultConfigurationIsVisible = 0;
			defaultConfigurationName = Release;
		};
/* End XCConfigurationList section */
	};
	rootObject = 9A3CCD0D1ADCA3E6002849AC /* Project object */;
}
